
Microsoft Visual Studio Solution File, Format Version 12.00
# Visual Studio Version 17
VisualStudioVersion = 17.4.33213.308
MinimumVisualStudioVersion = 10.0.40219.1
Project("{FAE04EC0-301F-11D3-BF4B-00C04F79EFBC}") = "MODUL6_1302213091", "MODUL6_1302213091\MODUL6_1302213091.csproj", "{3637A9C0-C127-4E78-AD8C-24492C83304D}"
EndProject
Global
	GlobalSection(SolutionConfigurationPlatforms) = preSolution
		Debug|Any CPU = Debug|Any CPU
		Release|Any CPU = Release|Any CPU
	EndGlobalSection
	GlobalSection(ProjectConfigurationPlatforms) = postSolution
		{3637A9C0-C127-4E78-AD8C-24492C83304D}.Debug|Any CPU.ActiveCfg = Debug|Any CPU
		{3637A9C0-C127-4E78-AD8C-24492C83304D}.Debug|Any CPU.Build.0 = Debug|Any CPU
		{3637A9C0-C127-4E78-AD8C-24492C83304D}.Release|Any CPU.ActiveCfg = Release|Any CPU
		{3637A9C0-C127-4E78-AD8C-24492C83304D}.Release|Any CPU.Build.0 = Release|Any CPU
	EndGlobalSection
	GlobalSection(SolutionProperties) = preSolution
		HideSolutionNode = FALSE
	EndGlobalSection
	GlobalSection(ExtensibilityGlobals) = postSolution
		SolutionGuid = {F3E3D0BC-E165-47F4-8589-C35F4F5B6F18}
	EndGlobalSection
EndGlobal
